
Microsoft Visual Studio Solution File, Format Version 12.00
Project("{FAE04EC0-301F-11D3-BF4B-00C04F79EFBC}") = "SintaxeCSharp", "SintaxeCSharp\SintaxeCSharp.csproj", "{67E2D4C5-8AED-47C0-A769-E5C40C2B1200}"
EndProject
Project("{FAE04EC0-301F-11D3-BF4B-00C04F79EFBC}") = "PooCSharp", "PooCSharp\PooCSharp.csproj", "{0AB96E14-DA6A-42DE-8DD7-2EC6E3E149FC}"
EndProject
Project("{FAE04EC0-301F-11D3-BF4B-00C04F79EFBC}") = "ContaBancaria", "ContaBancaria\ContaBancaria.csproj", "{B92BFBA7-14BD-46C5-9142-139A90C5149F}"
EndProject
Global
	GlobalSection(SolutionConfigurationPlatforms) = preSolution
		Debug|Any CPU = Debug|Any CPU
		Release|Any CPU = Release|Any CPU
	EndGlobalSection
	GlobalSection(ProjectConfigurationPlatforms) = postSolution
		{67E2D4C5-8AED-47C0-A769-E5C40C2B1200}.Debug|Any CPU.ActiveCfg = Debug|Any CPU
		{67E2D4C5-8AED-47C0-A769-E5C40C2B1200}.Debug|Any CPU.Build.0 = Debug|Any CPU
		{67E2D4C5-8AED-47C0-A769-E5C40C2B1200}.Release|Any CPU.ActiveCfg = Release|Any CPU
		{67E2D4C5-8AED-47C0-A769-E5C40C2B1200}.Release|Any CPU.Build.0 = Release|Any CPU
		{0AB96E14-DA6A-42DE-8DD7-2EC6E3E149FC}.Debug|Any CPU.ActiveCfg = Debug|Any CPU
		{0AB96E14-DA6A-42DE-8DD7-2EC6E3E149FC}.Debug|Any CPU.Build.0 = Debug|Any CPU
		{0AB96E14-DA6A-42DE-8DD7-2EC6E3E149FC}.Release|Any CPU.ActiveCfg = Release|Any CPU
		{0AB96E14-DA6A-42DE-8DD7-2EC6E3E149FC}.Release|Any CPU.Build.0 = Release|Any CPU
		{B92BFBA7-14BD-46C5-9142-139A90C5149F}.Debug|Any CPU.ActiveCfg = Debug|Any CPU
		{B92BFBA7-14BD-46C5-9142-139A90C5149F}.Debug|Any CPU.Build.0 = Debug|Any CPU
		{B92BFBA7-14BD-46C5-9142-139A90C5149F}.Release|Any CPU.ActiveCfg = Release|Any CPU
		{B92BFBA7-14BD-46C5-9142-139A90C5149F}.Release|Any CPU.Build.0 = Release|Any CPU
	EndGlobalSection
EndGlobal
